
Microsoft Visual Studio Solution File, Format Version 12.00
# Visual Studio 2012
Project("{FAE04EC0-301F-11D3-BF4B-00C04F79EFBC}") = "BitHoursApp", "BitHoursApp\BitHoursApp.csproj", "{9C960B52-559A-4A88-BF57-DB79D9881BFF}"
EndProject
Project("{FAE04EC0-301F-11D3-BF4B-00C04F79EFBC}") = "BitHoursApp.Tests", "BitHoursApp.Tests\BitHoursApp.Tests.csproj", "{EF74BE62-C7CE-4D57-8B87-CF13C3B06704}"
EndProject
Project("{FAE04EC0-301F-11D3-BF4B-00C04F79EFBC}") = "BitHoursApp.Common", "BitHoursApp.Common\BitHoursApp.Common.csproj", "{8BBAC0BA-CA84-40E6-A6E4-CD7F25EC512E}"
EndProject
Project("{FAE04EC0-301F-11D3-BF4B-00C04F79EFBC}") = "BitHoursApp.MI.Wpf", "BitHoursApp.Wpf\BitHoursApp.MI.Wpf.csproj", "{FF3674EF-837A-4ACE-8601-A5F1BACC25F9}"
EndProject
Project("{FAE04EC0-301F-11D3-BF4B-00C04F79EFBC}") = "BitHoursApp.MI", "BitHoursApp.MI\BitHoursApp.MI.csproj", "{1C4A762F-E46F-49F5-8601-332C5C223AE4}"
EndProject
Project("{FAE04EC0-301F-11D3-BF4B-00C04F79EFBC}") = "BitHoursApp.Mvvm", "BitHoursApp.Mvvm\BitHoursApp.Mvvm.csproj", "{7447AA30-0A7E-4A13-B50E-8785FB2B4379}"
EndProject
Project("{FAE04EC0-301F-11D3-BF4B-00C04F79EFBC}") = "BitHoursApp.Themes.Wpf", "BitHoursApp.Themes.Wpf\BitHoursApp.Themes.Wpf.csproj", "{A9ED10E7-6F3E-45B7-B34D-0FA66049BC6E}"
EndProject
Project("{FAE04EC0-301F-11D3-BF4B-00C04F79EFBC}") = "BitHoursApp.Controls.Wpf", "BitHoursApp.Controls.Wpf\BitHoursApp.Controls.Wpf.csproj", "{7BC459C3-97D5-49CD-BE91-4F317A95AC2A}"
EndProject
Project("{FAE04EC0-301F-11D3-BF4B-00C04F79EFBC}") = "BitHoursApp.Common.Resources", "BitHoursApp.Common.Resources\BitHoursApp.Common.Resources.csproj", "{8B37D8AC-0230-47EC-B47C-7706A5DDCDCE}"
EndProject
Project("{FAE04EC0-301F-11D3-BF4B-00C04F79EFBC}") = "BitHoursApp.Common.Wpf", "BitHoursApp.Common.Wpf\BitHoursApp.Common.Wpf.csproj", "{D535E81F-2DF7-4ED4-89DE-E1A0BBAF93C4}"
EndProject
Project("{6141683F-8A12-4E36-9623-2EB02B2C2303}") = "BitHoursAppSetup", "BitHoursAppSetup\BitHoursAppSetup.isproj", "{3EE209E0-C8D1-472C-A777-098029E4F7FA}"
	ProjectSection(ProjectDependencies) = postProject
		{9C960B52-559A-4A88-BF57-DB79D9881BFF} = {9C960B52-559A-4A88-BF57-DB79D9881BFF}
	EndProjectSection
EndProject
Global
	GlobalSection(AutomaticVersions) = postSolution
		UpdateAssemblyVersion = False
		UpdateAssemblyFileVersion = False
		UpdateAssemblyInfoVersion = False
	EndGlobalSection
	GlobalSection(SolutionConfigurationPlatforms) = preSolution
		CD_ROM|Any CPU = CD_ROM|Any CPU
		Debug|Any CPU = Debug|Any CPU
		DVD-5|Any CPU = DVD-5|Any CPU
		Release|Any CPU = Release|Any CPU
		SingleImage|Any CPU = SingleImage|Any CPU
	EndGlobalSection
	GlobalSection(ProjectConfigurationPlatforms) = postSolution
		{9C960B52-559A-4A88-BF57-DB79D9881BFF}.CD_ROM|Any CPU.ActiveCfg = Release|Any CPU
		{9C960B52-559A-4A88-BF57-DB79D9881BFF}.CD_ROM|Any CPU.Build.0 = Release|Any CPU
		{9C960B52-559A-4A88-BF57-DB79D9881BFF}.Debug|Any CPU.ActiveCfg = Debug|Any CPU
		{9C960B52-559A-4A88-BF57-DB79D9881BFF}.Debug|Any CPU.Build.0 = Debug|Any CPU
		{9C960B52-559A-4A88-BF57-DB79D9881BFF}.DVD-5|Any CPU.ActiveCfg = Debug|Any CPU
		{9C960B52-559A-4A88-BF57-DB79D9881BFF}.DVD-5|Any CPU.Build.0 = Debug|Any CPU
		{9C960B52-559A-4A88-BF57-DB79D9881BFF}.Release|Any CPU.ActiveCfg = Release|Any CPU
		{9C960B52-559A-4A88-BF57-DB79D9881BFF}.Release|Any CPU.Build.0 = Release|Any CPU
		{9C960B52-559A-4A88-BF57-DB79D9881BFF}.SingleImage|Any CPU.ActiveCfg = Release|Any CPU
		{9C960B52-559A-4A88-BF57-DB79D9881BFF}.SingleImage|Any CPU.Build.0 = Release|Any CPU
		{EF74BE62-C7CE-4D57-8B87-CF13C3B06704}.CD_ROM|Any CPU.ActiveCfg = Release|Any CPU
		{EF74BE62-C7CE-4D57-8B87-CF13C3B06704}.CD_ROM|Any CPU.Build.0 = Release|Any CPU
		{EF74BE62-C7CE-4D57-8B87-CF13C3B06704}.Debug|Any CPU.ActiveCfg = Debug|Any CPU
		{EF74BE62-C7CE-4D57-8B87-CF13C3B06704}.Debug|Any CPU.Build.0 = Debug|Any CPU
		{EF74BE62-C7CE-4D57-8B87-CF13C3B06704}.DVD-5|Any CPU.ActiveCfg = Debug|Any CPU
		{EF74BE62-C7CE-4D57-8B87-CF13C3B06704}.DVD-5|Any CPU.Build.0 = Debug|Any CPU
		{EF74BE62-C7CE-4D57-8B87-CF13C3B06704}.Release|Any CPU.ActiveCfg = Release|Any CPU
		{EF74BE62-C7CE-4D57-8B87-CF13C3B06704}.Release|Any CPU.Build.0 = Release|Any CPU
		{EF74BE62-C7CE-4D57-8B87-CF13C3B06704}.SingleImage|Any CPU.ActiveCfg = Release|Any CPU
		{EF74BE62-C7CE-4D57-8B87-CF13C3B06704}.SingleImage|Any CPU.Build.0 = Release|Any CPU
		{8BBAC0BA-CA84-40E6-A6E4-CD7F25EC512E}.CD_ROM|Any CPU.ActiveCfg = Release|Any CPU
		{8BBAC0BA-CA84-40E6-A6E4-CD7F25EC512E}.CD_ROM|Any CPU.Build.0 = Release|Any CPU
		{8BBAC0BA-CA84-40E6-A6E4-CD7F25EC512E}.Debug|Any CPU.ActiveCfg = Debug|Any CPU
		{8BBAC0BA-CA84-40E6-A6E4-CD7F25EC512E}.Debug|Any CPU.Build.0 = Debug|Any CPU
		{8BBAC0BA-CA84-40E6-A6E4-CD7F25EC512E}.DVD-5|Any CPU.ActiveCfg = Debug|Any CPU
		{8BBAC0BA-CA84-40E6-A6E4-CD7F25EC512E}.DVD-5|Any CPU.Build.0 = Debug|Any CPU
		{8BBAC0BA-CA84-40E6-A6E4-CD7F25EC512E}.Release|Any CPU.ActiveCfg = Release|Any CPU
		{8BBAC0BA-CA84-40E6-A6E4-CD7F25EC512E}.Release|Any CPU.Build.0 = Release|Any CPU
		{8BBAC0BA-CA84-40E6-A6E4-CD7F25EC512E}.SingleImage|Any CPU.ActiveCfg = Release|Any CPU
		{8BBAC0BA-CA84-40E6-A6E4-CD7F25EC512E}.SingleImage|Any CPU.Build.0 = Release|Any CPU
		{FF3674EF-837A-4ACE-8601-A5F1BACC25F9}.CD_ROM|Any CPU.ActiveCfg = Release|Any CPU
		{FF3674EF-837A-4ACE-8601-A5F1BACC25F9}.CD_ROM|Any CPU.Build.0 = Release|Any CPU
		{FF3674EF-837A-4ACE-8601-A5F1BACC25F9}.Debug|Any CPU.ActiveCfg = Debug|Any CPU
		{FF3674EF-837A-4ACE-8601-A5F1BACC25F9}.Debug|Any CPU.Build.0 = Debug|Any CPU
		{FF3674EF-837A-4ACE-8601-A5F1BACC25F9}.DVD-5|Any CPU.ActiveCfg = Debug|Any CPU
		{FF3674EF-837A-4ACE-8601-A5F1BACC25F9}.DVD-5|Any CPU.Build.0 = Debug|Any CPU
		{FF3674EF-837A-4ACE-8601-A5F1BACC25F9}.Release|Any CPU.ActiveCfg = Release|Any CPU
		{FF3674EF-837A-4ACE-8601-A5F1BACC25F9}.Release|Any CPU.Build.0 = Release|Any CPU
		{FF3674EF-837A-4ACE-8601-A5F1BACC25F9}.SingleImage|Any CPU.ActiveCfg = Release|Any CPU
		{FF3674EF-837A-4ACE-8601-A5F1BACC25F9}.SingleImage|Any CPU.Build.0 = Release|Any CPU
		{1C4A762F-E46F-49F5-8601-332C5C223AE4}.CD_ROM|Any CPU.ActiveCfg = Release|Any CPU
		{1C4A762F-E46F-49F5-8601-332C5C223AE4}.CD_ROM|Any CPU.Build.0 = Release|Any CPU
		{1C4A762F-E46F-49F5-8601-332C5C223AE4}.Debug|Any CPU.ActiveCfg = Debug|Any CPU
		{1C4A762F-E46F-49F5-8601-332C5C223AE4}.Debug|Any CPU.Build.0 = Debug|Any CPU
		{1C4A762F-E46F-49F5-8601-332C5C223AE4}.DVD-5|Any CPU.ActiveCfg = Debug|Any CPU
		{1C4A762F-E46F-49F5-8601-332C5C223AE4}.DVD-5|Any CPU.Build.0 = Debug|Any CPU
		{1C4A762F-E46F-49F5-8601-332C5C223AE4}.Release|Any CPU.ActiveCfg = Release|Any CPU
		{1C4A762F-E46F-49F5-8601-332C5C223AE4}.Release|Any CPU.Build.0 = Release|Any CPU
		{1C4A762F-E46F-49F5-8601-332C5C223AE4}.SingleImage|Any CPU.ActiveCfg = Release|Any CPU
		{1C4A762F-E46F-49F5-8601-332C5C223AE4}.SingleImage|Any CPU.Build.0 = Release|Any CPU
		{7447AA30-0A7E-4A13-B50E-8785FB2B4379}.CD_ROM|Any CPU.ActiveCfg = Release|Any CPU
		{7447AA30-0A7E-4A13-B50E-8785FB2B4379}.CD_ROM|Any CPU.Build.0 = Release|Any CPU
		{7447AA30-0A7E-4A13-B50E-8785FB2B4379}.Debug|Any CPU.ActiveCfg = Debug|Any CPU
		{7447AA30-0A7E-4A13-B50E-8785FB2B4379}.Debug|Any CPU.Build.0 = Debug|Any CPU
		{7447AA30-0A7E-4A13-B50E-8785FB2B4379}.DVD-5|Any CPU.ActiveCfg = Debug|Any CPU
		{7447AA30-0A7E-4A13-B50E-8785FB2B4379}.DVD-5|Any CPU.Build.0 = Debug|Any CPU
		{7447AA30-0A7E-4A13-B50E-8785FB2B4379}.Release|Any CPU.ActiveCfg = Release|Any CPU
		{7447AA30-0A7E-4A13-B50E-8785FB2B4379}.Release|Any CPU.Build.0 = Release|Any CPU
		{7447AA30-0A7E-4A13-B50E-8785FB2B4379}.SingleImage|Any CPU.ActiveCfg = Release|Any CPU
		{7447AA30-0A7E-4A13-B50E-8785FB2B4379}.SingleImage|Any CPU.Build.0 = Release|Any CPU
		{A9ED10E7-6F3E-45B7-B34D-0FA66049BC6E}.CD_ROM|Any CPU.ActiveCfg = Release|Any CPU
		{A9ED10E7-6F3E-45B7-B34D-0FA66049BC6E}.CD_ROM|Any CPU.Build.0 = Release|Any CPU
		{A9ED10E7-6F3E-45B7-B34D-0FA66049BC6E}.Debug|Any CPU.ActiveCfg = Debug|Any CPU
		{A9ED10E7-6F3E-45B7-B34D-0FA66049BC6E}.Debug|Any CPU.Build.0 = Debug|Any CPU
		{A9ED10E7-6F3E-45B7-B34D-0FA66049BC6E}.DVD-5|Any CPU.ActiveCfg = Debug|Any CPU
		{A9ED10E7-6F3E-45B7-B34D-0FA66049BC6E}.DVD-5|Any CPU.Build.0 = Debug|Any CPU
		{A9ED10E7-6F3E-45B7-B34D-0FA66049BC6E}.Release|Any CPU.ActiveCfg = Release|Any CPU
		{A9ED10E7-6F3E-45B7-B34D-0FA66049BC6E}.Release|Any CPU.Build.0 = Release|Any CPU
		{A9ED10E7-6F3E-45B7-B34D-0FA66049BC6E}.SingleImage|Any CPU.ActiveCfg = Release|Any CPU
		{A9ED10E7-6F3E-45B7-B34D-0FA66049BC6E}.SingleImage|Any CPU.Build.0 = Release|Any CPU
		{7BC459C3-97D5-49CD-BE91-4F317A95AC2A}.CD_ROM|Any CPU.ActiveCfg = Release|Any CPU
		{7BC459C3-97D5-49CD-BE91-4F317A95AC2A}.CD_ROM|Any CPU.Build.0 = Release|Any CPU
		{7BC459C3-97D5-49CD-BE91-4F317A95AC2A}.Debug|Any CPU.ActiveCfg = Debug|Any CPU
		{7BC459C3-97D5-49CD-BE91-4F317A95AC2A}.Debug|Any CPU.Build.0 = Debug|Any CPU
		{7BC459C3-97D5-49CD-BE91-4F317A95AC2A}.DVD-5|Any CPU.ActiveCfg = Debug|Any CPU
		{7BC459C3-97D5-49CD-BE91-4F317A95AC2A}.DVD-5|Any CPU.Build.0 = Debug|Any CPU
		{7BC459C3-97D5-49CD-BE91-4F317A95AC2A}.Release|Any CPU.ActiveCfg = Release|Any CPU
		{7BC459C3-97D5-49CD-BE91-4F317A95AC2A}.Release|Any CPU.Build.0 = Release|Any CPU
		{7BC459C3-97D5-49CD-BE91-4F317A95AC2A}.SingleImage|Any CPU.ActiveCfg = Release|Any CPU
		{7BC459C3-97D5-49CD-BE91-4F317A95AC2A}.SingleImage|Any CPU.Build.0 = Release|Any CPU
		{8B37D8AC-0230-47EC-B47C-7706A5DDCDCE}.CD_ROM|Any CPU.ActiveCfg = Release|Any CPU
		{8B37D8AC-0230-47EC-B47C-7706A5DDCDCE}.CD_ROM|Any CPU.Build.0 = Release|Any CPU
		{8B37D8AC-0230-47EC-B47C-7706A5DDCDCE}.Debug|Any CPU.ActiveCfg = Debug|Any CPU
		{8B37D8AC-0230-47EC-B47C-7706A5DDCDCE}.Debug|Any CPU.Build.0 = Debug|Any CPU
		{8B37D8AC-0230-47EC-B47C-7706A5DDCDCE}.DVD-5|Any CPU.ActiveCfg = Debug|Any CPU
		{8B37D8AC-0230-47EC-B47C-7706A5DDCDCE}.DVD-5|Any CPU.Build.0 = Debug|Any CPU
		{8B37D8AC-0230-47EC-B47C-7706A5DDCDCE}.Release|Any CPU.ActiveCfg = Release|Any CPU
		{8B37D8AC-0230-47EC-B47C-7706A5DDCDCE}.Release|Any CPU.Build.0 = Release|Any CPU
		{8B37D8AC-0230-47EC-B47C-7706A5DDCDCE}.SingleImage|Any CPU.ActiveCfg = Release|Any CPU
		{8B37D8AC-0230-47EC-B47C-7706A5DDCDCE}.SingleImage|Any CPU.Build.0 = Release|Any CPU
		{D535E81F-2DF7-4ED4-89DE-E1A0BBAF93C4}.CD_ROM|Any CPU.ActiveCfg = Release|Any CPU
		{D535E81F-2DF7-4ED4-89DE-E1A0BBAF93C4}.CD_ROM|Any CPU.Build.0 = Release|Any CPU
		{D535E81F-2DF7-4ED4-89DE-E1A0BBAF93C4}.Debug|Any CPU.ActiveCfg = Debug|Any CPU
		{D535E81F-2DF7-4ED4-89DE-E1A0BBAF93C4}.Debug|Any CPU.Build.0 = Debug|Any CPU
		{D535E81F-2DF7-4ED4-89DE-E1A0BBAF93C4}.DVD-5|Any CPU.ActiveCfg = Debug|Any CPU
		{D535E81F-2DF7-4ED4-89DE-E1A0BBAF93C4}.DVD-5|Any CPU.Build.0 = Debug|Any CPU
		{D535E81F-2DF7-4ED4-89DE-E1A0BBAF93C4}.Release|Any CPU.ActiveCfg = Release|Any CPU
		{D535E81F-2DF7-4ED4-89DE-E1A0BBAF93C4}.Release|Any CPU.Build.0 = Release|Any CPU
		{D535E81F-2DF7-4ED4-89DE-E1A0BBAF93C4}.SingleImage|Any CPU.ActiveCfg = Release|Any CPU
		{D535E81F-2DF7-4ED4-89DE-E1A0BBAF93C4}.SingleImage|Any CPU.Build.0 = Release|Any CPU
		{3EE209E0-C8D1-472C-A777-098029E4F7FA}.CD_ROM|Any CPU.ActiveCfg = CD_ROM
		{3EE209E0-C8D1-472C-A777-098029E4F7FA}.CD_ROM|Any CPU.Build.0 = CD_ROM
		{3EE209E0-C8D1-472C-A777-098029E4F7FA}.Debug|Any CPU.ActiveCfg = DVD-5
		{3EE209E0-C8D1-472C-A777-098029E4F7FA}.Debug|Any CPU.Build.0 = DVD-5
		{3EE209E0-C8D1-472C-A777-098029E4F7FA}.DVD-5|Any CPU.ActiveCfg = DVD-5
		{3EE209E0-C8D1-472C-A777-098029E4F7FA}.DVD-5|Any CPU.Build.0 = DVD-5
		{3EE209E0-C8D1-472C-A777-098029E4F7FA}.Release|Any CPU.ActiveCfg = SingleImage
		{3EE209E0-C8D1-472C-A777-098029E4F7FA}.Release|Any CPU.Build.0 = SingleImage
		{3EE209E0-C8D1-472C-A777-098029E4F7FA}.SingleImage|Any CPU.ActiveCfg = SingleImage
		{3EE209E0-C8D1-472C-A777-098029E4F7FA}.SingleImage|Any CPU.Build.0 = SingleImage
	EndGlobalSection
	GlobalSection(SolutionProperties) = preSolution
		HideSolutionNode = FALSE
	EndGlobalSection
EndGlobal
